{
  "nodes": {
    "agenix": {
      "inputs": {
        "nixpkgs": [
          "nixpkgs"
        ]
      },
      "locked": {
        "lastModified": 1790734419,
        "narHash": "sha256-n7wew722m1OTBT9DOIMxNX/NF4zfsSUABAO5eW3wikE=",
        "owner": "ryantm",
        "repo": "agenix",
        "rev": "3daa710894355fa2fad8243380af373a2b4046ef",
        "type": "github"
      },
      "original": {
        "owner": "ryantm",
        "repo": "agenix",
        "type": "github"
      }
    },
    "brew-src": {
      "flake": false,
      "locked": {
        "lastModified": 1789661079,
        "narHash": "sha256-geVTQ51PGZ1mLULM5k7wO7qt/6xenOR/YG8X7Q3eCaI=",
        "owner": "Homebrew",
        "repo": "brew",
        "rev": "edb70f031e4170c780799633a1226ff73e1077f4",
        "type": "github"
      },
      "original": {
        "owner": "Homebrew",
        "ref": "7.0.4",
        "repo": "brew",
        "type": "github"
      }
    },
    "darwin": {
      "inputs": {
        "nixpkgs": [
          "nixpkgs"
        ]
      },
      "locked": {
        "lastModified": 1786845137,
        "narHash": "sha256-oQFip+v0luP8NIxJzmiW4Wu8bILsbFWom5l0zonl8hQ=",
        "owner": "LnL7",
        "repo": "nix-darwin",
        "rev": "4cff07de74b50e64bdd68cd4e722ab5b6b35ee48",
        "type": "github"
      },
      "original": {
        "owner": "LnL7",
        "ref": "master",
        "repo": "nix-darwin",
        "type": "github"
      }
    },
    "disko": {
      "inputs": {
        "nixpkgs": [
          "nixpkgs"
        ]
      },
      "locked": {
        "lastModified": 1789770686,
        "narHash": "sha256-uZkBR7yHdIKUFB5SZdfgh1qkGfI3XmYmI/lTiquxbck=",
        "owner": "nix-community",
        "repo": "disko",
        "rev": "725ea35e410ad83be4931d1bff7e090eacaf3563",
        "type": "github"
      },
      "original": {
        "owner": "nix-community",
        "repo": "disko",
        "type": "github"
      }
    },
    "flake-parts": {
      "inputs": {
        "nixpkgs-lib": [
          "neovim-nightly-overlay",
          "nixpkgs"
        ]
      },
      "locked": {
        "lastModified": 1790898470,
        "narHash": "sha256-zTwuwezD0w3hpga6a6P8emidzAZFyWqlNeRBlpWOOl8=",
        "owner": "hercules-ci",
        "repo": "flake-parts",
        "rev": "024633cd702b10285db5cb19b40ad48d2399ba60",
        "type": "github"
      },
      "original": {
        "owner": "hercules-ci",
        "repo": "flake-parts",
        "type": "github"
      }
    },
    "home-manager": {
      "inputs": {
        "nixpkgs": [
          "nixpkgs"
        ]
      },
      "locked": {
        "lastModified": 1790989254,
        "narHash": "sha256-ZN+riaeFuE+DZ5zfqJiXlM12jLwZzeIXiNkU1YeHMXI=",
        "owner": "nix-community",
        "repo": "home-manager",
        "rev": "acd21c5a3420a9d5fd0ed06299b10828267ef9ba",
        "type": "github"
      },
      "original": {
        "owner": "nix-community",
        "repo": "home-manager",
        "type": "github"
      }
    },
    "homebrew-bundle": {
      "flake": false,
      "locked": {
        "lastModified": 1745335228,
        "narHash": "sha256-TIKR2UgtyUmHLNZp255/vLs+1I10hXe+sciMEbAGFwE=",
        "owner": "homebrew",
        "repo": "homebrew-bundle",
        "rev": "a3265c84b232e13048ecbf6fc18a2eedfadbeb08",
        "type": "github"
      },
      "original": {
        "owner": "homebrew",
        "repo": "homebrew-bundle",
        "type": "github"
      }
    },
    "homebrew-cask": {
      "flake": false,
      "locked": {
        "lastModified": 1791050464,
        "narHash": "sha256-9wbTNjDEzAaMgRHwbzufutRLM4NZEUDNjpU04BIbRqk=",
        "owner": "homebrew",
        "repo": "homebrew-cask",
        "rev": "cee3347d2a9a4ff9b77df8659e3c72c092945469",
        "type": "github"
      },
      "original": {
        "owner": "homebrew",
        "repo": "homebrew-cask",
        "type": "github"
      }
    },
    "homebrew-umputun-apps": {
      "flake": false,
      "locked": {
        "lastModified": 1790890060,
        "narHash": "sha256-S8/T5j20HHjxJQo6UC7RZtI7Osw9QdP4Y5i6F16EijE=",
        "owner": "umputun",
        "repo": "homebrew-apps",
        "rev": "b0822790368c63607fcffbe9deaaa0dff47b8ff1",
        "type": "github"
      },
      "original": {
        "owner": "umputun",
        "repo": "homebrew-apps",
        "type": "github"
      }
    },
    "neovim-nightly-overlay": {
      "inputs": {
        "flake-parts": "flake-parts",
        "neovim-src": "neovim-src",
        "nixpkgs": "nixpkgs"
      },
      "locked": {
        "lastModified": 1790985924,
        "narHash": "sha256-/J5iw51IcLexuI9ESAZUnXFbFdGTM7gSTDeA1KOPEcw=",
        "owner": "nix-community",
        "repo": "neovim-nightly-overlay",
        "rev": "7bf3d61b3c3a914c55d717205b5a2f039bf2f864",
        "type": "github"
      },
      "original": {
        "owner": "nix-community",
        "repo": "neovim-nightly-overlay",
        "type": "github"
      }
    },
    "neovim-src": {
      "flake": false,
      "locked": {
        "lastModified": 1790953847,
        "narHash": "sha256-dMEh0UhgBbDrwYpHsnS9OIuOMzYrMs0yo4VzHPJumrg=",
        "owner": "neovim",
        "repo": "neovim",
        "rev": "28d641b5607025c34153e11272fbd270ac673f85",
        "type": "github"
      },
      "original": {
        "owner": "neovim",
        "repo": "neovim",
        "type": "github"
      }
    },
    "nix-homebrew": {
      "inputs": {
        "brew-src": "brew-src"
      },
      "locked": {
        "lastModified": 1789928041,
        "narHash": "sha256-iV37ieTcE4ZLOYEe0VznW6dWMBe4lEL8AbK1vblyZGM=",
        "owner": "zhaofengli",
        "repo": "nix-homebrew",
        "rev": "c11cccfdd36dd69b5323d70d354b2853379c2426",
        "type": "github"
      },
      "original": {
        "owner": "zhaofengli",
        "repo": "nix-homebrew",
        "type": "github"
      }
    },
    "nixpkgs": {
      "locked": {
        "lastModified": 1790769526,
        "narHash": "sha256-5AIVFLRcx8YAwbFTVPTs7YhwJH7JyHfAQsvXmpovcXI=",
        "owner": "NixOS",
        "repo": "nixpkgs",
        "rev": "c9fe7d12cd78d1adcd12dd15e24432dde5b155a0",
        "type": "github"
      },
      "original": {
        "owner": "NixOS",
        "ref": "nixpkgs-unstable",
        "repo": "nixpkgs",
        "type": "github"
      }
    },
    "nixpkgs_2": {
      "locked": {
        "lastModified": 1790822859,
        "narHash": "sha256-69xHQhAeMAD2wDXO7T2pcOZIF9Sga2W+JkmY2a11Ops=",
        "owner": "NixOS",
        "repo": "nixpkgs",
        "rev": "c59305bab2065cfecc4944690d9eedbb56f3a9fa",
        "type": "github"
      },
      "original": {
        "owner": "NixOS",
        "ref": "nixos-unstable",
        "repo": "nixpkgs",
        "type": "github"
      }
    },
    "nur-packages": {
      "inputs": {
        "nixpkgs": [
          "nixpkgs"
        ]
      },
      "locked": {
        "lastModified": 1791110883,
        "narHash": "sha256-Pug6Lai5VZixnvxc2S3nwjBZaAMDL2EnwSNxpMATbcg=",
        "owner": "MrEhbr",
        "repo": "nur-packages",
        "rev": "d21a88e996b4d9cf39ad802db50214d5be595fc4",
        "type": "github"
      },
      "original": {
        "owner": "MrEhbr",
        "repo": "nur-packages",
        "type": "github"
      }
    },
    "root": {
      "inputs": {
        "agenix": "agenix",
        "darwin": "darwin",
        "disko": "disko",
        "home-manager": "home-manager",
        "homebrew-bundle": "homebrew-bundle",
        "homebrew-cask": "homebrew-cask",
        "homebrew-umputun-apps": "homebrew-umputun-apps",
        "neovim-nightly-overlay": "neovim-nightly-overlay",
        "nix-homebrew": "nix-homebrew",
        "nixpkgs": "nixpkgs_2",
        "nur-packages": "nur-packages",
        "secrets": "secrets"
      }
    },
    "secrets": {
      "flake": false,
      "locked": {
        "lastModified": 1773673696,
        "narHash": "sha256-jKYnsmCQzwWlnkbED+KJHCMKu0roM6AhOnl5aHx8xvQ=",
        "ref": "refs/heads/main",
        "rev": "10e407901a65166038f5bdd997e60be635f78dfd",
        "revCount": 14,
        "type": "git",
        "url": "ssh://git@github.com/MrEhbr/nix-secrets.git"
      },
      "original": {
        "type": "git",
        "url": "ssh://git@github.com/MrEhbr/nix-secrets.git"
      }
    }
  },
  "root": "root",
  "version": 7
}
